
Microsoft Visual Studio Solution File, Format Version 12.00
# Visual Studio Version 16
VisualStudioVersion = 25.0.1704.0
MinimumVisualStudioVersion = 10.0.40219.1
Project("{FAE04EC0-301F-11D3-BF4B-00C04F79EFBC}") = "RestFulASPNET", "RestFulASPNET\RestFulASPNET.csproj", "{57F9413F-7113-4210-8475-53FF960B941B}"
EndProject
Project("{FAE04EC0-301F-11D3-BF4B-00C04F79EFBC}") = "RestFulASPNET.Tests", "RestFulASPNET.Tests\RestFulASPNET.Tests.csproj", "{AE2EA259-4929-4A20-BE16-960C7EBFCAA1}"
EndProject
Project("{2150E333-8FDC-42A3-9474-1A3956D46DE8}") = "Solution Items", "Solution Items", "{8C61390D-DF79-494D-AB80-FF3CAB381F70}"
	ProjectSection(SolutionItems) = preProject
		.editorconfig = .editorconfig
	EndProjectSection
EndProject
Global
	GlobalSection(SolutionConfigurationPlatforms) = preSolution
		Debug|Any CPU = Debug|Any CPU
		Release|Any CPU = Release|Any CPU
	EndGlobalSection
	GlobalSection(ProjectConfigurationPlatforms) = postSolution
		{57F9413F-7113-4210-8475-53FF960B941B}.Debug|Any CPU.ActiveCfg = Debug|Any CPU
		{57F9413F-7113-4210-8475-53FF960B941B}.Debug|Any CPU.Build.0 = Debug|Any CPU
		{57F9413F-7113-4210-8475-53FF960B941B}.Release|Any CPU.ActiveCfg = Release|Any CPU
		{57F9413F-7113-4210-8475-53FF960B941B}.Release|Any CPU.Build.0 = Release|Any CPU
		{AE2EA259-4929-4A20-BE16-960C7EBFCAA1}.Debug|Any CPU.ActiveCfg = Debug|Any CPU
		{AE2EA259-4929-4A20-BE16-960C7EBFCAA1}.Debug|Any CPU.Build.0 = Debug|Any CPU
		{AE2EA259-4929-4A20-BE16-960C7EBFCAA1}.Release|Any CPU.ActiveCfg = Release|Any CPU
		{AE2EA259-4929-4A20-BE16-960C7EBFCAA1}.Release|Any CPU.Build.0 = Release|Any CPU
	EndGlobalSection
	GlobalSection(SolutionProperties) = preSolution
		HideSolutionNode = FALSE
	EndGlobalSection
	GlobalSection(ExtensibilityGlobals) = postSolution
		SolutionGuid = {6813D6D2-7305-4BEE-A6DB-D5269B014072}
	EndGlobalSection
EndGlobal
